{
  "name": "free-proxy-list.net",
  "version": "1.0.0",
  "lockfileVersion": 1,
  "requires": true,
  "dependencies": {
    "free-proxies-api": {
      "version": "file:../../free-proxies-api",
      "requires": {
        "axios-proxy-fix": "^0.16.3",
        "jsdom": "^14.1.0"
      }
    }
  }
}
